
Microsoft Visual Studio Solution File, Format Version 12.00
# Visual Studio Version 17
VisualStudioVersion = 17.2.32526.322
MinimumVisualStudioVersion = 10.0.40219.1
Project("{9A19103F-16F7-4668-BE54-9A1E7A4F7556}") = "Dale.Repository", "Dale.Repository\Dale.Repository.csproj", "{34A9366D-DC3C-4B92-BF90-DE09AC9F2656}"
EndProject
Project("{9A19103F-16F7-4668-BE54-9A1E7A4F7556}") = "Dale.Domain", "Dale.Domain\Dale.Domain.csproj", "{DDCA1723-34AD-45A7-A715-33F783ED947E}"
EndProject
Project("{2150E333-8FDC-42A3-9474-1A3956D46DE8}") = "Services", "Services", "{6E3FE7C2-3003-42C2-9E4B-214C7B56D244}"
EndProject
Project("{2150E333-8FDC-42A3-9474-1A3956D46DE8}") = "Orders", "Orders", "{545D52E2-8086-43F0-A865-90E9E4E98C83}"
EndProject
Project("{2150E333-8FDC-42A3-9474-1A3956D46DE8}") = "Products", "Products", "{A963DDD2-B2CA-42F2-8E9A-67BC807DA444}"
EndProject
Project("{2150E333-8FDC-42A3-9474-1A3956D46DE8}") = "Environment", "Environment", "{8A5D919C-5B0C-48D8-8AE0-9249D9B246F3}"
EndProject
Project("{FAE04EC0-301F-11D3-BF4B-00C04F79EFBC}") = "Dale.Environment.DTO", "Dale.Environment.DTO\Dale.Environment.DTO.csproj", "{BEDA5A99-BEF2-48F1-891E-6ACE380FDCA3}"
EndProject
Project("{FAE04EC0-301F-11D3-BF4B-00C04F79EFBC}") = "Dale.Environment.Business", "Dale.Environment.Business\Dale.Environment.Business.csproj", "{C8F8807B-40DD-4168-A443-058740B6465C}"
EndProject
Project("{FAE04EC0-301F-11D3-BF4B-00C04F79EFBC}") = "Dale.Environment.Service", "Dale.Environment.Service\Dale.Environment.Service.csproj", "{15440139-3C40-458A-9DBC-B0E56BC2B608}"
EndProject
Project("{FAE04EC0-301F-11D3-BF4B-00C04F79EFBC}") = "Dale.Orders.DTO", "Dale.Orders.DTO\Dale.Orders.DTO.csproj", "{DA14D834-5DAF-4311-A105-8DE78BA58C6F}"
EndProject
Project("{FAE04EC0-301F-11D3-BF4B-00C04F79EFBC}") = "Dale.Orders.Business", "Dale.Orders.Business\Dale.Orders.Business.csproj", "{49AE28EC-9875-40AA-8C8E-2A9AFCDE97F8}"
EndProject
Project("{FAE04EC0-301F-11D3-BF4B-00C04F79EFBC}") = "Dale.Orders.Service", "Dale.Orders.Service\Dale.Orders.Service.csproj", "{87769586-F086-4E7E-B0F9-6C500CA7F884}"
EndProject
Project("{FAE04EC0-301F-11D3-BF4B-00C04F79EFBC}") = "Dale.Products.Service", "Dale.Products.Service\Dale.Products.Service.csproj", "{4D0E3760-FF37-459E-906D-70C80F6CDC30}"
EndProject
Project("{FAE04EC0-301F-11D3-BF4B-00C04F79EFBC}") = "Dale.Products.DTO", "Dale.Products.DTO\Dale.Products.DTO.csproj", "{91DE312F-DEBF-41D0-B762-913480B6FCAC}"
EndProject
Project("{FAE04EC0-301F-11D3-BF4B-00C04F79EFBC}") = "Dale.Products.Business", "Dale.Products.Business\Dale.Products.Business.csproj", "{E6C79147-E1E3-4385-BA57-D18035CD0362}"
EndProject
Project("{FAE04EC0-301F-11D3-BF4B-00C04F79EFBC}") = "Dale.Utils", "Dale.Utils\Dale.Utils.csproj", "{58D84E6E-9E3E-47F0-9F67-9EAAD61AFC94}"
EndProject
Global
	GlobalSection(SolutionConfigurationPlatforms) = preSolution
		Debug|Any CPU = Debug|Any CPU
		Release|Any CPU = Release|Any CPU
	EndGlobalSection
	GlobalSection(ProjectConfigurationPlatforms) = postSolution
		{34A9366D-DC3C-4B92-BF90-DE09AC9F2656}.Debug|Any CPU.ActiveCfg = Debug|Any CPU
		{34A9366D-DC3C-4B92-BF90-DE09AC9F2656}.Debug|Any CPU.Build.0 = Debug|Any CPU
		{34A9366D-DC3C-4B92-BF90-DE09AC9F2656}.Release|Any CPU.ActiveCfg = Release|Any CPU
		{34A9366D-DC3C-4B92-BF90-DE09AC9F2656}.Release|Any CPU.Build.0 = Release|Any CPU
		{DDCA1723-34AD-45A7-A715-33F783ED947E}.Debug|Any CPU.ActiveCfg = Debug|Any CPU
		{DDCA1723-34AD-45A7-A715-33F783ED947E}.Debug|Any CPU.Build.0 = Debug|Any CPU
		{DDCA1723-34AD-45A7-A715-33F783ED947E}.Release|Any CPU.ActiveCfg = Release|Any CPU
		{DDCA1723-34AD-45A7-A715-33F783ED947E}.Release|Any CPU.Build.0 = Release|Any CPU
		{BEDA5A99-BEF2-48F1-891E-6ACE380FDCA3}.Debug|Any CPU.ActiveCfg = Debug|Any CPU
		{BEDA5A99-BEF2-48F1-891E-6ACE380FDCA3}.Debug|Any CPU.Build.0 = Debug|Any CPU
		{BEDA5A99-BEF2-48F1-891E-6ACE380FDCA3}.Release|Any CPU.ActiveCfg = Release|Any CPU
		{BEDA5A99-BEF2-48F1-891E-6ACE380FDCA3}.Release|Any CPU.Build.0 = Release|Any CPU
		{C8F8807B-40DD-4168-A443-058740B6465C}.Debug|Any CPU.ActiveCfg = Debug|Any CPU
		{C8F8807B-40DD-4168-A443-058740B6465C}.Debug|Any CPU.Build.0 = Debug|Any CPU
		{C8F8807B-40DD-4168-A443-058740B6465C}.Release|Any CPU.ActiveCfg = Release|Any CPU
		{C8F8807B-40DD-4168-A443-058740B6465C}.Release|Any CPU.Build.0 = Release|Any CPU
		{15440139-3C40-458A-9DBC-B0E56BC2B608}.Debug|Any CPU.ActiveCfg = Debug|Any CPU
		{15440139-3C40-458A-9DBC-B0E56BC2B608}.Debug|Any CPU.Build.0 = Debug|Any CPU
		{15440139-3C40-458A-9DBC-B0E56BC2B608}.Release|Any CPU.ActiveCfg = Release|Any CPU
		{15440139-3C40-458A-9DBC-B0E56BC2B608}.Release|Any CPU.Build.0 = Release|Any CPU
		{DA14D834-5DAF-4311-A105-8DE78BA58C6F}.Debug|Any CPU.ActiveCfg = Debug|Any CPU
		{DA14D834-5DAF-4311-A105-8DE78BA58C6F}.Debug|Any CPU.Build.0 = Debug|Any CPU
		{DA14D834-5DAF-4311-A105-8DE78BA58C6F}.Release|Any CPU.ActiveCfg = Release|Any CPU
		{DA14D834-5DAF-4311-A105-8DE78BA58C6F}.Release|Any CPU.Build.0 = Release|Any CPU
		{49AE28EC-9875-40AA-8C8E-2A9AFCDE97F8}.Debug|Any CPU.ActiveCfg = Debug|Any CPU
		{49AE28EC-9875-40AA-8C8E-2A9AFCDE97F8}.Debug|Any CPU.Build.0 = Debug|Any CPU
		{49AE28EC-9875-40AA-8C8E-2A9AFCDE97F8}.Release|Any CPU.ActiveCfg = Release|Any CPU
		{49AE28EC-9875-40AA-8C8E-2A9AFCDE97F8}.Release|Any CPU.Build.0 = Release|Any CPU
		{87769586-F086-4E7E-B0F9-6C500CA7F884}.Debug|Any CPU.ActiveCfg = Debug|Any CPU
		{87769586-F086-4E7E-B0F9-6C500CA7F884}.Debug|Any CPU.Build.0 = Debug|Any CPU
		{87769586-F086-4E7E-B0F9-6C500CA7F884}.Release|Any CPU.ActiveCfg = Release|Any CPU
		{87769586-F086-4E7E-B0F9-6C500CA7F884}.Release|Any CPU.Build.0 = Release|Any CPU
		{4D0E3760-FF37-459E-906D-70C80F6CDC30}.Debug|Any CPU.ActiveCfg = Debug|Any CPU
		{4D0E3760-FF37-459E-906D-70C80F6CDC30}.Debug|Any CPU.Build.0 = Debug|Any CPU
		{4D0E3760-FF37-459E-906D-70C80F6CDC30}.Release|Any CPU.ActiveCfg = Release|Any CPU
		{4D0E3760-FF37-459E-906D-70C80F6CDC30}.Release|Any CPU.Build.0 = Release|Any CPU
		{91DE312F-DEBF-41D0-B762-913480B6FCAC}.Debug|Any CPU.ActiveCfg = Debug|Any CPU
		{91DE312F-DEBF-41D0-B762-913480B6FCAC}.Debug|Any CPU.Build.0 = Debug|Any CPU
		{91DE312F-DEBF-41D0-B762-913480B6FCAC}.Release|Any CPU.ActiveCfg = Release|Any CPU
		{91DE312F-DEBF-41D0-B762-913480B6FCAC}.Release|Any CPU.Build.0 = Release|Any CPU
		{E6C79147-E1E3-4385-BA57-D18035CD0362}.Debug|Any CPU.ActiveCfg = Debug|Any CPU
		{E6C79147-E1E3-4385-BA57-D18035CD0362}.Debug|Any CPU.Build.0 = Debug|Any CPU
		{E6C79147-E1E3-4385-BA57-D18035CD0362}.Release|Any CPU.ActiveCfg = Release|Any CPU
		{E6C79147-E1E3-4385-BA57-D18035CD0362}.Release|Any CPU.Build.0 = Release|Any CPU
		{58D84E6E-9E3E-47F0-9F67-9EAAD61AFC94}.Debug|Any CPU.ActiveCfg = Debug|Any CPU
		{58D84E6E-9E3E-47F0-9F67-9EAAD61AFC94}.Debug|Any CPU.Build.0 = Debug|Any CPU
		{58D84E6E-9E3E-47F0-9F67-9EAAD61AFC94}.Release|Any CPU.ActiveCfg = Release|Any CPU
		{58D84E6E-9E3E-47F0-9F67-9EAAD61AFC94}.Release|Any CPU.Build.0 = Release|Any CPU
	EndGlobalSection
	GlobalSection(SolutionProperties) = preSolution
		HideSolutionNode = FALSE
	EndGlobalSection
	GlobalSection(NestedProjects) = preSolution
		{545D52E2-8086-43F0-A865-90E9E4E98C83} = {6E3FE7C2-3003-42C2-9E4B-214C7B56D244}
		{A963DDD2-B2CA-42F2-8E9A-67BC807DA444} = {6E3FE7C2-3003-42C2-9E4B-214C7B56D244}
		{8A5D919C-5B0C-48D8-8AE0-9249D9B246F3} = {6E3FE7C2-3003-42C2-9E4B-214C7B56D244}
		{BEDA5A99-BEF2-48F1-891E-6ACE380FDCA3} = {8A5D919C-5B0C-48D8-8AE0-9249D9B246F3}
		{C8F8807B-40DD-4168-A443-058740B6465C} = {8A5D919C-5B0C-48D8-8AE0-9249D9B246F3}
		{15440139-3C40-458A-9DBC-B0E56BC2B608} = {8A5D919C-5B0C-48D8-8AE0-9249D9B246F3}
		{DA14D834-5DAF-4311-A105-8DE78BA58C6F} = {545D52E2-8086-43F0-A865-90E9E4E98C83}
		{49AE28EC-9875-40AA-8C8E-2A9AFCDE97F8} = {545D52E2-8086-43F0-A865-90E9E4E98C83}
		{87769586-F086-4E7E-B0F9-6C500CA7F884} = {545D52E2-8086-43F0-A865-90E9E4E98C83}
		{4D0E3760-FF37-459E-906D-70C80F6CDC30} = {A963DDD2-B2CA-42F2-8E9A-67BC807DA444}
		{91DE312F-DEBF-41D0-B762-913480B6FCAC} = {A963DDD2-B2CA-42F2-8E9A-67BC807DA444}
		{E6C79147-E1E3-4385-BA57-D18035CD0362} = {A963DDD2-B2CA-42F2-8E9A-67BC807DA444}
	EndGlobalSection
	GlobalSection(ExtensibilityGlobals) = postSolution
		SolutionGuid = {F2D69694-AC25-4A6B-B497-7E4F05D17A8E}
	EndGlobalSection
EndGlobal
